
Microsoft Visual Studio Solution File, Format Version 12.00
# Visual Studio Version 17
VisualStudioVersion = 17.0.31903.59
MinimumVisualStudioVersion = 10.0.40219.1
Project("{2150E333-8FDC-42A3-9474-1A3956D46DE8}") = "src", "src", "{0D49A48D-D051-48DF-86A7-8122F0B99C2C}"
EndProject
Project("{FAE04EC0-301F-11D3-BF4B-00C04F79EFBC}") = "AdventOfCode2022", "src\AdventOfCode2022\AdventOfCode2022.csproj", "{9EE584E7-76E8-49FD-96B2-584AACFE4169}"
EndProject
Project("{2150E333-8FDC-42A3-9474-1A3956D46DE8}") = "tests", "tests", "{4AB06312-74A6-4B19-BE3E-59AD7ACE5C32}"
EndProject
Project("{FAE04EC0-301F-11D3-BF4B-00C04F79EFBC}") = "AdventOfCode2022.Tests", "tests\AdventOfCode2022.Tests\AdventOfCode2022.Tests.csproj", "{61D01D85-97F7-4660-B4E2-28CEB68A2C56}"
EndProject
Global
	GlobalSection(SolutionConfigurationPlatforms) = preSolution
		Debug|Any CPU = Debug|Any CPU
		Release|Any CPU = Release|Any CPU
	EndGlobalSection
	GlobalSection(SolutionProperties) = preSolution
		HideSolutionNode = FALSE
	EndGlobalSection
	GlobalSection(ProjectConfigurationPlatforms) = postSolution
		{9EE584E7-76E8-49FD-96B2-584AACFE4169}.Debug|Any CPU.ActiveCfg = Debug|Any CPU
		{9EE584E7-76E8-49FD-96B2-584AACFE4169}.Debug|Any CPU.Build.0 = Debug|Any CPU
		{9EE584E7-76E8-49FD-96B2-584AACFE4169}.Release|Any CPU.ActiveCfg = Release|Any CPU
		{9EE584E7-76E8-49FD-96B2-584AACFE4169}.Release|Any CPU.Build.0 = Release|Any CPU
		{61D01D85-97F7-4660-B4E2-28CEB68A2C56}.Debug|Any CPU.ActiveCfg = Debug|Any CPU
		{61D01D85-97F7-4660-B4E2-28CEB68A2C56}.Debug|Any CPU.Build.0 = Debug|Any CPU
		{61D01D85-97F7-4660-B4E2-28CEB68A2C56}.Release|Any CPU.ActiveCfg = Release|Any CPU
		{61D01D85-97F7-4660-B4E2-28CEB68A2C56}.Release|Any CPU.Build.0 = Release|Any CPU
	EndGlobalSection
	GlobalSection(NestedProjects) = preSolution
		{9EE584E7-76E8-49FD-96B2-584AACFE4169} = {0D49A48D-D051-48DF-86A7-8122F0B99C2C}
		{61D01D85-97F7-4660-B4E2-28CEB68A2C56} = {4AB06312-74A6-4B19-BE3E-59AD7ACE5C32}
	EndGlobalSection
EndGlobal
